
Microsoft Visual Studio Solution File, Format Version 12.00
# Visual Studio Version 17
VisualStudioVersion = 17.5.33627.172
MinimumVisualStudioVersion = 10.0.40219.1
Project("{9A19103F-16F7-4668-BE54-9A1E7A4F7556}") = "backend", "backend.csproj", "{0355002C-5E5F-4E64-AF8F-F3BE52594DB6}"
EndProject
Project("{9A19103F-16F7-4668-BE54-9A1E7A4F7556}") = "Domain", "..\Domain\Domain.csproj", "{2C0223AE-64E4-4F4F-ABA8-399E7E36EFC4}"
EndProject
Project("{9A19103F-16F7-4668-BE54-9A1E7A4F7556}") = "Application", "..\Application\Application.csproj", "{67A63205-48BD-43CC-BDEF-BBC7D71D6511}"
EndProject
Project("{9A19103F-16F7-4668-BE54-9A1E7A4F7556}") = "Infrastructure", "..\Infrastructure\Infrastructure.csproj", "{CE711A70-7F04-45D2-87ED-FCDF7FACE8B0}"
EndProject
Global
	GlobalSection(SolutionConfigurationPlatforms) = preSolution
		Debug|Any CPU = Debug|Any CPU
		Release|Any CPU = Release|Any CPU
	EndGlobalSection
	GlobalSection(ProjectConfigurationPlatforms) = postSolution
		{0355002C-5E5F-4E64-AF8F-F3BE52594DB6}.Debug|Any CPU.ActiveCfg = Debug|Any CPU
		{0355002C-5E5F-4E64-AF8F-F3BE52594DB6}.Debug|Any CPU.Build.0 = Debug|Any CPU
		{0355002C-5E5F-4E64-AF8F-F3BE52594DB6}.Release|Any CPU.ActiveCfg = Release|Any CPU
		{0355002C-5E5F-4E64-AF8F-F3BE52594DB6}.Release|Any CPU.Build.0 = Release|Any CPU
		{2C0223AE-64E4-4F4F-ABA8-399E7E36EFC4}.Debug|Any CPU.ActiveCfg = Debug|Any CPU
		{2C0223AE-64E4-4F4F-ABA8-399E7E36EFC4}.Debug|Any CPU.Build.0 = Debug|Any CPU
		{2C0223AE-64E4-4F4F-ABA8-399E7E36EFC4}.Release|Any CPU.ActiveCfg = Release|Any CPU
		{2C0223AE-64E4-4F4F-ABA8-399E7E36EFC4}.Release|Any CPU.Build.0 = Release|Any CPU
		{67A63205-48BD-43CC-BDEF-BBC7D71D6511}.Debug|Any CPU.ActiveCfg = Debug|Any CPU
		{67A63205-48BD-43CC-BDEF-BBC7D71D6511}.Debug|Any CPU.Build.0 = Debug|Any CPU
		{67A63205-48BD-43CC-BDEF-BBC7D71D6511}.Release|Any CPU.ActiveCfg = Release|Any CPU
		{67A63205-48BD-43CC-BDEF-BBC7D71D6511}.Release|Any CPU.Build.0 = Release|Any CPU
		{CE711A70-7F04-45D2-87ED-FCDF7FACE8B0}.Debug|Any CPU.ActiveCfg = Debug|Any CPU
		{CE711A70-7F04-45D2-87ED-FCDF7FACE8B0}.Debug|Any CPU.Build.0 = Debug|Any CPU
		{CE711A70-7F04-45D2-87ED-FCDF7FACE8B0}.Release|Any CPU.ActiveCfg = Release|Any CPU
		{CE711A70-7F04-45D2-87ED-FCDF7FACE8B0}.Release|Any CPU.Build.0 = Release|Any CPU
	EndGlobalSection
	GlobalSection(SolutionProperties) = preSolution
		HideSolutionNode = FALSE
	EndGlobalSection
	GlobalSection(ExtensibilityGlobals) = postSolution
		SolutionGuid = {7AC5606D-6DD5-4536-A82A-3C89E3B39504}
	EndGlobalSection
EndGlobal
